
Microsoft Visual Studio Solution File, Format Version 12.00
# Visual Studio 15
VisualStudioVersion = 15.0.28307.1525
MinimumVisualStudioVersion = 10.0.40219.1
Project("{8BC9CEB8-8B4A-11D0-8D11-00A0C91BC942}") = "VVNZRunnerSample", "VVNZRunnerSample\VVNZRunnerSample.vcxproj", "{BB711588-2CA2-4AEB-A03B-476B6CCE3B62}"
EndProject
Global
	GlobalSection(SolutionConfigurationPlatforms) = preSolution
		Debug|PSVita = Debug|PSVita
		Release|PSVita = Release|PSVita
	EndGlobalSection
	GlobalSection(ProjectConfigurationPlatforms) = postSolution
		{BB711588-2CA2-4AEB-A03B-476B6CCE3B62}.Debug|PSVita.ActiveCfg = Debug|PSVita
		{BB711588-2CA2-4AEB-A03B-476B6CCE3B62}.Debug|PSVita.Build.0 = Debug|PSVita
		{BB711588-2CA2-4AEB-A03B-476B6CCE3B62}.Release|PSVita.ActiveCfg = Release|PSVita
		{BB711588-2CA2-4AEB-A03B-476B6CCE3B62}.Release|PSVita.Build.0 = Release|PSVita
	EndGlobalSection
	GlobalSection(SolutionProperties) = preSolution
		HideSolutionNode = FALSE
	EndGlobalSection
	GlobalSection(ExtensibilityGlobals) = postSolution
		SolutionGuid = {05188F2D-EB1C-4201-B72D-7D3EA97E0054}
	EndGlobalSection
EndGlobal
